PODS:
  - BZipper (1.0.3)
  - CodeQuickKit (6.1.1)
  - XCServerAPI (4.3.0):
    - BZipper (~> 1.0.3)
    - CodeQuickKit (~> 6.1)

DEPENDENCIES:
  - CodeQuickKit (~> 6.1)
  - XCServerAPI (~> 4.3)

SPEC CHECKSUMS:
  BZipper: 33b4dd36545a2a817f44214d6558659656185366
  CodeQuickKit: 6f9e1e4f6147e4288430cd455d4b88d4d181b64c
  XCServerAPI: 3e8e5b4bed92244bb76a82bdc180005dc4957e10

PODFILE CHECKSUM: 859e52836d54022c9dd061f2a89ad351a9083a69

COCOAPODS: 1.4.0
