PODS:
  - CodeQuickKit (5.0.3):
    - CodeQuickKit/iOS (= 5.0.3)
  - CodeQuickKit/CoreData (5.0.3):
    - CodeQuickKit/Foundation
  - CodeQuickKit/Foundation (5.0.3)
  - CodeQuickKit/iOS (5.0.3):
    - CodeQuickKit/Foundation
  - XCServerAPI (3.0.1):
    - CodeQuickKit (~> 5.0)

DEPENDENCIES:
  - CodeQuickKit/CoreData (~> 5.0)
  - XCServerAPI (~> 3.0)

SPEC CHECKSUMS:
  CodeQuickKit: 1a93019176bff93b5547de239ea691ccdcfdc226
  XCServerAPI: 05360d6bfbec11f92271093ce896948b4c79ef15

PODFILE CHECKSUM: 4f9ca08741f4da4ca3e6868b8619e484db6532c9

COCOAPODS: 1.2.1
