PODS:
  - CodeQuickKit/CoreData (2.5.0):
    - CodeQuickKit/Foundation
  - CodeQuickKit/Foundation (2.5.0)

DEPENDENCIES:
  - CodeQuickKit/CoreData (~> 2.5)

SPEC CHECKSUMS:
  CodeQuickKit: 01360d11a951a957fa917a1cc60c089e09643738

PODFILE CHECKSUM: 82e7f8c7e65769d6f1aec6eaa5e495ed228edc60

COCOAPODS: 1.0.1
