// !$*UTF8*$!
{
	archiveVersion = 1;
	classes = {
	};
	objectVersion = 46;
	objects = {

/* Begin PBXBuildFile section */
		5CEFEA4FBED6851A7764AB02 /* Pods_XCServerCoreDataTests.framework in Frameworks */ = {isa = PBXBuildFile; fileRef = 0076955174737FC3BB5C7F0D /* Pods_XCServerCoreDataTests.framework */; };
		6EE76FFA4215C9D5E96128BD /* Pods_XCServerCoreData.framework in Frameworks */ = {isa = PBXBuildFile; fileRef = AEB5707657641BBC68AEF58A /* Pods_XCServerCoreData.framework */; };
		E162423B1CE3930F00283B2E /* XCServerCoreData.h in Headers */ = {isa = PBXBuildFile; fileRef = E162423A1CE3930F00283B2E /* XCServerCoreData.h */; settings = {ATTRIBUTES = (Public, ); }; };
		E16242421CE3930F00283B2E /* XCServerCoreData.framework in Frameworks */ = {isa = PBXBuildFile; fileRef = E16242371CE3930F00283B2E /* XCServerCoreData.framework */; };
		E1BA0BF91F77D476000FA5C3 /* Asset+CoreDataProperties.swift in Sources */ = {isa = PBXBuildFile; fileRef = E1BA0BAC1F77D475000FA5C3 /* Asset+CoreDataProperties.swift */; };
		E1BA0BFA1F77D476000FA5C3 /* Asset.swift in Sources */ = {isa = PBXBuildFile; fileRef = E1BA0BAD1F77D475000FA5C3 /* Asset.swift */; };
		E1BA0BFB1F77D476000FA5C3 /* Bot+CoreDataProperties.swift in Sources */ = {isa = PBXBuildFile; fileRef = E1BA0BAE1F77D475000FA5C3 /* Bot+CoreDataProperties.swift */; };
		E1BA0BFC1F77D476000FA5C3 /* Bot.swift in Sources */ = {isa = PBXBuildFile; fileRef = E1BA0BAF1F77D475000FA5C3 /* Bot.swift */; };
		E1BA0BFD1F77D476000FA5C3 /* BuildResultSummary+CoreDataProperties.swift in Sources */ = {isa = PBXBuildFile; fileRef = E1BA0BB01F77D475000FA5C3 /* BuildResultSummary+CoreDataProperties.swift */; };
		E1BA0BFE1F77D476000FA5C3 /* BuildResultSummary.swift in Sources */ = {isa = PBXBuildFile; fileRef = E1BA0BB11F77D475000FA5C3 /* BuildResultSummary.swift */; };
		E1BA0BFF1F77D476000FA5C3 /* Commit+CoreDataProperties.swift in Sources */ = {isa = PBXBuildFile; fileRef = E1BA0BB21F77D475000FA5C3 /* Commit+CoreDataProperties.swift */; };
		E1BA0C001F77D476000FA5C3 /* Commit.swift in Sources */ = {isa = PBXBuildFile; fileRef = E1BA0BB31F77D475000FA5C3 /* Commit.swift */; };
		E1BA0C011F77D476000FA5C3 /* CommitChange+CoreDataProperties.swift in Sources */ = {isa = PBXBuildFile; fileRef = E1BA0BB41F77D475000FA5C3 /* CommitChange+CoreDataProperties.swift */; };
		E1BA0C021F77D476000FA5C3 /* CommitChange.swift in Sources */ = {isa = PBXBuildFile; fileRef = E1BA0BB51F77D475000FA5C3 /* CommitChange.swift */; };
		E1BA0C031F77D476000FA5C3 /* CommitContributor+CoreDataProperties.swift in Sources */ = {isa = PBXBuildFile; fileRef = E1BA0BB61F77D475000FA5C3 /* CommitContributor+CoreDataProperties.swift */; };
		E1BA0C041F77D476000FA5C3 /* CommitContributor.swift in Sources */ = {isa = PBXBuildFile; fileRef = E1BA0BB71F77D475000FA5C3 /* CommitContributor.swift */; };
		E1BA0C051F77D476000FA5C3 /* Conditions+CoreDataProperties.swift in Sources */ = {isa = PBXBuildFile; fileRef = E1BA0BB81F77D475000FA5C3 /* Conditions+CoreDataProperties.swift */; };
		E1BA0C061F77D476000FA5C3 /* Conditions.swift in Sources */ = {isa = PBXBuildFile; fileRef = E1BA0BB91F77D475000FA5C3 /* Conditions.swift */; };
		E1BA0C071F77D476000FA5C3 /* Configuration+CoreDataProperties.swift in Sources */ = {isa = PBXBuildFile; fileRef = E1BA0BBA1F77D475000FA5C3 /* Configuration+CoreDataProperties.swift */; };
		E1BA0C081F77D476000FA5C3 /* Configuration.swift in Sources */ = {isa = PBXBuildFile; fileRef = E1BA0BBB1F77D475000FA5C3 /* Configuration.swift */; };
		E1BA0C091F77D476000FA5C3 /* Device+CoreDataProperties.swift in Sources */ = {isa = PBXBuildFile; fileRef = E1BA0BBC1F77D475000FA5C3 /* Device+CoreDataProperties.swift */; };
		E1BA0C0A1F77D476000FA5C3 /* Device.swift in Sources */ = {isa = PBXBuildFile; fileRef = E1BA0BBD1F77D475000FA5C3 /* Device.swift */; };
		E1BA0C0B1F77D476000FA5C3 /* DeviceSpecification+CoreDataProperties.swift in Sources */ = {isa = PBXBuildFile; fileRef = E1BA0BBE1F77D475000FA5C3 /* DeviceSpecification+CoreDataProperties.swift */; };
		E1BA0C0C1F77D476000FA5C3 /* DeviceSpecification.swift in Sources */ = {isa = PBXBuildFile; fileRef = E1BA0BBF1F77D475000FA5C3 /* DeviceSpecification.swift */; };
		E1BA0C0D1F77D476000FA5C3 /* EmailConfiguration+CoreDataProperties.swift in Sources */ = {isa = PBXBuildFile; fileRef = E1BA0BC01F77D475000FA5C3 /* EmailConfiguration+CoreDataProperties.swift */; };
		E1BA0C0E1F77D476000FA5C3 /* EmailConfiguration.swift in Sources */ = {isa = PBXBuildFile; fileRef = E1BA0BC11F77D475000FA5C3 /* EmailConfiguration.swift */; };
		E1BA0C0F1F77D476000FA5C3 /* Enumerations.swift in Sources */ = {isa = PBXBuildFile; fileRef = E1BA0BC21F77D475000FA5C3 /* Enumerations.swift */; };
		E1BA0C101F77D476000FA5C3 /* Extensions.swift in Sources */ = {isa = PBXBuildFile; fileRef = E1BA0BC31F77D475000FA5C3 /* Extensions.swift */; };
		E1BA0C111F77D476000FA5C3 /* Filter+CoreDataProperties.swift in Sources */ = {isa = PBXBuildFile; fileRef = E1BA0BC41F77D475000FA5C3 /* Filter+CoreDataProperties.swift */; };
		E1BA0C121F77D476000FA5C3 /* Filter.swift in Sources */ = {isa = PBXBuildFile; fileRef = E1BA0BC51F77D475000FA5C3 /* Filter.swift */; };
		E1BA0C131F77D476000FA5C3 /* Integration+CoreDataProperties.swift in Sources */ = {isa = PBXBuildFile; fileRef = E1BA0BC61F77D475000FA5C3 /* Integration+CoreDataProperties.swift */; };
		E1BA0C141F77D476000FA5C3 /* Integration.swift in Sources */ = {isa = PBXBuildFile; fileRef = E1BA0BC71F77D475000FA5C3 /* Integration.swift */; };
		E1BA0C151F77D476000FA5C3 /* IntegrationAssets+CoreDataProperties.swift in Sources */ = {isa = PBXBuildFile; fileRef = E1BA0BC81F77D475000FA5C3 /* IntegrationAssets+CoreDataProperties.swift */; };
		E1BA0C161F77D476000FA5C3 /* IntegrationAssets.swift in Sources */ = {isa = PBXBuildFile; fileRef = E1BA0BC91F77D475000FA5C3 /* IntegrationAssets.swift */; };
		E1BA0C171F77D476000FA5C3 /* IntegrationIssues+CoreDataProperties.swift in Sources */ = {isa = PBXBuildFile; fileRef = E1BA0BCA1F77D475000FA5C3 /* IntegrationIssues+CoreDataProperties.swift */; };
		E1BA0C181F77D476000FA5C3 /* IntegrationIssues.swift in Sources */ = {isa = PBXBuildFile; fileRef = E1BA0BCB1F77D475000FA5C3 /* IntegrationIssues.swift */; };
		E1BA0C191F77D476000FA5C3 /* Issue+CoreDataProperties.swift in Sources */ = {isa = PBXBuildFile; fileRef = E1BA0BCC1F77D475000FA5C3 /* Issue+CoreDataProperties.swift */; };
		E1BA0C1A1F77D476000FA5C3 /* Issue.swift in Sources */ = {isa = PBXBuildFile; fileRef = E1BA0BCD1F77D475000FA5C3 /* Issue.swift */; };
		E1BA0C1B1F77D476000FA5C3 /* NSManagedObject+XCServerCoreData.swift in Sources */ = {isa = PBXBuildFile; fileRef = E1BA0BCE1F77D475000FA5C3 /* NSManagedObject+XCServerCoreData.swift */; };
		E1BA0C1C1F77D476000FA5C3 /* NSManagedObjectContext+XCServerCoreData.swift in Sources */ = {isa = PBXBuildFile; fileRef = E1BA0BCF1F77D475000FA5C3 /* NSManagedObjectContext+XCServerCoreData.swift */; };
		E1BA0C1D1F77D476000FA5C3 /* Platform+CoreDataProperties.swift in Sources */ = {isa = PBXBuildFile; fileRef = E1BA0BD01F77D475000FA5C3 /* Platform+CoreDataProperties.swift */; };
		E1BA0C1E1F77D476000FA5C3 /* Platform.swift in Sources */ = {isa = PBXBuildFile; fileRef = E1BA0BD11F77D475000FA5C3 /* Platform.swift */; };
		E1BA0C1F1F77D476000FA5C3 /* Repository+CoreDataProperties.swift in Sources */ = {isa = PBXBuildFile; fileRef = E1BA0BD21F77D475000FA5C3 /* Repository+CoreDataProperties.swift */; };
		E1BA0C201F77D476000FA5C3 /* Repository.swift in Sources */ = {isa = PBXBuildFile; fileRef = E1BA0BD31F77D475000FA5C3 /* Repository.swift */; };
		E1BA0C211F77D476000FA5C3 /* XCSRepositoryBlueprint+XCServerCoreData.swift in Sources */ = {isa = PBXBuildFile; fileRef = E1BA0BD41F77D475000FA5C3 /* XCSRepositoryBlueprint+XCServerCoreData.swift */; };
		E1BA0C221F77D476000FA5C3 /* RevisionBlueprint+CoreDataProperties.swift in Sources */ = {isa = PBXBuildFile; fileRef = E1BA0BD51F77D475000FA5C3 /* RevisionBlueprint+CoreDataProperties.swift */; };
		E1BA0C231F77D476000FA5C3 /* RevisionBlueprint.swift in Sources */ = {isa = PBXBuildFile; fileRef = E1BA0BD61F77D475000FA5C3 /* RevisionBlueprint.swift */; };
		E1BA0C241F77D476000FA5C3 /* Stats+CoreDataProperties.swift in Sources */ = {isa = PBXBuildFile; fileRef = E1BA0BD71F77D475000FA5C3 /* Stats+CoreDataProperties.swift */; };
		E1BA0C251F77D476000FA5C3 /* Stats.swift in Sources */ = {isa = PBXBuildFile; fileRef = E1BA0BD81F77D475000FA5C3 /* Stats.swift */; };
		E1BA0C261F77D476000FA5C3 /* StatsBreakdown+CoreDataProperties.swift in Sources */ = {isa = PBXBuildFile; fileRef = E1BA0BD91F77D475000FA5C3 /* StatsBreakdown+CoreDataProperties.swift */; };
		E1BA0C271F77D476000FA5C3 /* StatsBreakdown.swift in Sources */ = {isa = PBXBuildFile; fileRef = E1BA0BDA1F77D475000FA5C3 /* StatsBreakdown.swift */; };
		E1BA0C281F77D476000FA5C3 /* Trigger+CoreDataProperties.swift in Sources */ = {isa = PBXBuildFile; fileRef = E1BA0BDB1F77D475000FA5C3 /* Trigger+CoreDataProperties.swift */; };
		E1BA0C291F77D476000FA5C3 /* Trigger.swift in Sources */ = {isa = PBXBuildFile; fileRef = E1BA0BDC1F77D475000FA5C3 /* Trigger.swift */; };
		E1BA0C2A1F77D476000FA5C3 /* XcodeServer+CoreDataProperties.swift in Sources */ = {isa = PBXBuildFile; fileRef = E1BA0BDD1F77D475000FA5C3 /* XcodeServer+CoreDataProperties.swift */; };
		E1BA0C2B1F77D476000FA5C3 /* XcodeServer.swift in Sources */ = {isa = PBXBuildFile; fileRef = E1BA0BDE1F77D475000FA5C3 /* XcodeServer.swift */; };
		E1BA0C2C1F77D476000FA5C3 /* XCServerCoreData.swift in Sources */ = {isa = PBXBuildFile; fileRef = E1BA0BDF1F77D475000FA5C3 /* XCServerCoreData.swift */; };
		E1BA0C2D1F77D476000FA5C3 /* MappingModel1.0.0to1.1.0.xcmappingmodel in Sources */ = {isa = PBXBuildFile; fileRef = E1BA0BE11F77D476000FA5C3 /* MappingModel1.0.0to1.1.0.xcmappingmodel */; };
		E1BA0C2E1F77D476000FA5C3 /* MappingModel1.0.0to1.2.0.xcmappingmodel in Sources */ = {isa = PBXBuildFile; fileRef = E1BA0BE21F77D476000FA5C3 /* MappingModel1.0.0to1.2.0.xcmappingmodel */; };
		E1BA0C2F1F77D476000FA5C3 /* MappingModel1.0.0to2.0.0.xcmappingmodel in Sources */ = {isa = PBXBuildFile; fileRef = E1BA0BE31F77D476000FA5C3 /* MappingModel1.0.0to2.0.0.xcmappingmodel */; };
		E1BA0C301F77D476000FA5C3 /* MappingModel1.1.0to1.2.0.xcmappingmodel in Sources */ = {isa = PBXBuildFile; fileRef = E1BA0BE41F77D476000FA5C3 /* MappingModel1.1.0to1.2.0.xcmappingmodel */; };
		E1BA0C311F77D476000FA5C3 /* MappingModel1.1.0to2.0.0.xcmappingmodel in Sources */ = {isa = PBXBuildFile; fileRef = E1BA0BE51F77D476000FA5C3 /* MappingModel1.1.0to2.0.0.xcmappingmodel */; };
		E1BA0C321F77D476000FA5C3 /* MappingModel1.2.0to2.0.0.xcmappingmodel in Sources */ = {isa = PBXBuildFile; fileRef = E1BA0BE61F77D476000FA5C3 /* MappingModel1.2.0to2.0.0.xcmappingmodel */; };
		E1BA0C331F77D476000FA5C3 /* MigrateIntegrationStringToDate.swift in Sources */ = {isa = PBXBuildFile; fileRef = E1BA0BE71F77D476000FA5C3 /* MigrateIntegrationStringToDate.swift */; };
		E1BA0C341F77D476000FA5C3 /* XCServerCoreData.xcdatamodeld in Sources */ = {isa = PBXBuildFile; fileRef = E1BA0BE81F77D476000FA5C3 /* XCServerCoreData.xcdatamodeld */; };
		E1BA0C351F77D485000FA5C3 /* CommonExtensionTests.swift in Sources */ = {isa = PBXBuildFile; fileRef = E1BA0B9F1F77D475000FA5C3 /* CommonExtensionTests.swift */; };
		E1BA0C361F77D485000FA5C3 /* CoreDataFileTests.swift in Sources */ = {isa = PBXBuildFile; fileRef = E1BA0BA01F77D475000FA5C3 /* CoreDataFileTests.swift */; };
		E1BA0C371F77D485000FA5C3 /* CoreDataVersions.swift in Sources */ = {isa = PBXBuildFile; fileRef = E1BA0BA11F77D475000FA5C3 /* CoreDataVersions.swift */; };
		E1BA0C381F77D485000FA5C3 /* XCServerCoreData_1.2.0.sqlite in Resources */ = {isa = PBXBuildFile; fileRef = E1BA0BA21F77D475000FA5C3 /* XCServerCoreData_1.2.0.sqlite */; };
		E1BA0C391F77D485000FA5C3 /* XCServerCoreData_1.2.0.sqlite-shm in Resources */ = {isa = PBXBuildFile; fileRef = E1BA0BA31F77D475000FA5C3 /* XCServerCoreData_1.2.0.sqlite-shm */; };
		E1BA0C3A1F77D485000FA5C3 /* XCServerCoreData_1.2.0.sqlite-wal in Resources */ = {isa = PBXBuildFile; fileRef = E1BA0BA41F77D475000FA5C3 /* XCServerCoreData_1.2.0.sqlite-wal */; };
		E1BA0C3B1F77D485000FA5C3 /* XCServerCoreData_1.2.0_empty.sqlite in Resources */ = {isa = PBXBuildFile; fileRef = E1BA0BA51F77D475000FA5C3 /* XCServerCoreData_1.2.0_empty.sqlite */; };
		E1BA0C3C1F77D485000FA5C3 /* XCServerCoreData_1.2.0_empty.sqlite-shm in Resources */ = {isa = PBXBuildFile; fileRef = E1BA0BA61F77D475000FA5C3 /* XCServerCoreData_1.2.0_empty.sqlite-shm */; };
		E1BA0C3D1F77D485000FA5C3 /* XCServerCoreData_1.2.0_empty.sqlite-wal in Resources */ = {isa = PBXBuildFile; fileRef = E1BA0BA71F77D475000FA5C3 /* XCServerCoreData_1.2.0_empty.sqlite-wal */; };
		E1BA0C3E1F77D485000FA5C3 /* XCServerCoreData_2.0.0_empty.sqlite in Resources */ = {isa = PBXBuildFile; fileRef = E1BA0BA81F77D475000FA5C3 /* XCServerCoreData_2.0.0_empty.sqlite */; };
		E1BA0C3F1F77D485000FA5C3 /* XCServerCoreData_2.0.0_empty.sqlite-shm in Resources */ = {isa = PBXBuildFile; fileRef = E1BA0BA91F77D475000FA5C3 /* XCServerCoreData_2.0.0_empty.sqlite-shm */; };
		E1BA0C401F77D485000FA5C3 /* XCServerCoreData_2.0.0_empty.sqlite-wal in Resources */ = {isa = PBXBuildFile; fileRef = E1BA0BAA1F77D475000FA5C3 /* XCServerCoreData_2.0.0_empty.sqlite-wal */; };
/* End PBXBuildFile section */

/* Begin PBXContainerItemProxy section */
		E16242431CE3930F00283B2E /* PBXContainerItemProxy */ = {
			isa = PBXContainerItemProxy;
			containerPortal = E162422E1CE3930F00283B2E /* Project object */;
			proxyType = 1;
			remoteGlobalIDString = E16242361CE3930F00283B2E;
			remoteInfo = XCServerCoreData;
		};
/* End PBXContainerItemProxy section */

/* Begin PBXFileReference section */
		0076955174737FC3BB5C7F0D /* Pods_XCServerCoreDataTests.framework */ = {isa = PBXFileReference; explicitFileType = wrapper.framework; includeInIndex = 0; path = Pods_XCServerCoreDataTests.framework; sourceTree = BUILT_PRODUCTS_DIR; };
		241E97D293A69C76BE38BE80 /* Pods-XCServerCoreDataTests.release.xcconfig */ = {isa = PBXFileReference; includeInIndex = 1; lastKnownFileType = text.xcconfig; name = "Pods-XCServerCoreDataTests.release.xcconfig"; path = "Pods/Target Support Files/Pods-XCServerCoreDataTests/Pods-XCServerCoreDataTests.release.xcconfig"; sourceTree = "<group>"; };
		6BDF2BB4F6C3425C772ED3F2 /* Pods-XCServerCoreDataTests.debug.xcconfig */ = {isa = PBXFileReference; includeInIndex = 1; lastKnownFileType = text.xcconfig; name = "Pods-XCServerCoreDataTests.debug.xcconfig"; path = "Pods/Target Support Files/Pods-XCServerCoreDataTests/Pods-XCServerCoreDataTests.debug.xcconfig"; sourceTree = "<group>"; };
		9730B4BB5CFE81B9C72334DD /* Pods-XCServerCoreData.debug.xcconfig */ = {isa = PBXFileReference; includeInIndex = 1; lastKnownFileType = text.xcconfig; name = "Pods-XCServerCoreData.debug.xcconfig"; path = "Pods/Target Support Files/Pods-XCServerCoreData/Pods-XCServerCoreData.debug.xcconfig"; sourceTree = "<group>"; };
		AEB5707657641BBC68AEF58A /* Pods_XCServerCoreData.framework */ = {isa = PBXFileReference; explicitFileType = wrapper.framework; includeInIndex = 0; path = Pods_XCServerCoreData.framework; sourceTree = BUILT_PRODUCTS_DIR; };
		B1F8F1B2AA7D40A2552E1604 /* Pods-XCServerCoreData.release.xcconfig */ = {isa = PBXFileReference; includeInIndex = 1; lastKnownFileType = text.xcconfig; name = "Pods-XCServerCoreData.release.xcconfig"; path = "Pods/Target Support Files/Pods-XCServerCoreData/Pods-XCServerCoreData.release.xcconfig"; sourceTree = "<group>"; };
		E16242371CE3930F00283B2E /* XCServerCoreData.framework */ = {isa = PBXFileReference; explicitFileType = wrapper.framework; includeInIndex = 0; path = XCServerCoreData.framework; sourceTree = BUILT_PRODUCTS_DIR; };
		E162423A1CE3930F00283B2E /* XCServerCoreData.h */ = {isa = PBXFileReference; lastKnownFileType = sourcecode.c.h; path = XCServerCoreData.h; sourceTree = "<group>"; };
		E162423C1CE3930F00283B2E /* Info.plist */ = {isa = PBXFileReference; lastKnownFileType = text.plist.xml; path = Info.plist; sourceTree = "<group>"; };
		E16242411CE3930F00283B2E /* XCServerCoreDataTests.xctest */ = {isa = PBXFileReference; explicitFileType = wrapper.cfbundle; includeInIndex = 0; path = XCServerCoreDataTests.xctest; sourceTree = BUILT_PRODUCTS_DIR; };
		E16242481CE3930F00283B2E /* Info.plist */ = {isa = PBXFileReference; lastKnownFileType = text.plist.xml; path = Info.plist; sourceTree = "<group>"; };
		E1BA0B9F1F77D475000FA5C3 /* CommonExtensionTests.swift */ = {isa = PBXFileReference; fileEncoding = 4; lastKnownFileType = sourcecode.swift; path = CommonExtensionTests.swift; sourceTree = "<group>"; };
		E1BA0BA01F77D475000FA5C3 /* CoreDataFileTests.swift */ = {isa = PBXFileReference; fileEncoding = 4; lastKnownFileType = sourcecode.swift; path = CoreDataFileTests.swift; sourceTree = "<group>"; };
		E1BA0BA11F77D475000FA5C3 /* CoreDataVersions.swift */ = {isa = PBXFileReference; fileEncoding = 4; lastKnownFileType = sourcecode.swift; path = CoreDataVersions.swift; sourceTree = "<group>"; };
		E1BA0BA21F77D475000FA5C3 /* XCServerCoreData_1.2.0.sqlite */ = {isa = PBXFileReference; lastKnownFileType = file; path = XCServerCoreData_1.2.0.sqlite; sourceTree = "<group>"; };
		E1BA0BA31F77D475000FA5C3 /* XCServerCoreData_1.2.0.sqlite-shm */ = {isa = PBXFileReference; lastKnownFileType = file; path = "XCServerCoreData_1.2.0.sqlite-shm"; sourceTree = "<group>"; };
		E1BA0BA41F77D475000FA5C3 /* XCServerCoreData_1.2.0.sqlite-wal */ = {isa = PBXFileReference; lastKnownFileType = file; path = "XCServerCoreData_1.2.0.sqlite-wal"; sourceTree = "<group>"; };
		E1BA0BA51F77D475000FA5C3 /* XCServerCoreData_1.2.0_empty.sqlite */ = {isa = PBXFileReference; lastKnownFileType = file; path = XCServerCoreData_1.2.0_empty.sqlite; sourceTree = "<group>"; };
		E1BA0BA61F77D475000FA5C3 /* XCServerCoreData_1.2.0_empty.sqlite-shm */ = {isa = PBXFileReference; lastKnownFileType = file; path = "XCServerCoreData_1.2.0_empty.sqlite-shm"; sourceTree = "<group>"; };
		E1BA0BA71F77D475000FA5C3 /* XCServerCoreData_1.2.0_empty.sqlite-wal */ = {isa = PBXFileReference; fileEncoding = 4; lastKnownFileType = text; path = "XCServerCoreData_1.2.0_empty.sqlite-wal"; sourceTree = "<group>"; };
		E1BA0BA81F77D475000FA5C3 /* XCServerCoreData_2.0.0_empty.sqlite */ = {isa = PBXFileReference; lastKnownFileType = file; path = XCServerCoreData_2.0.0_empty.sqlite; sourceTree = "<group>"; };
		E1BA0BA91F77D475000FA5C3 /* XCServerCoreData_2.0.0_empty.sqlite-shm */ = {isa = PBXFileReference; lastKnownFileType = file; path = "XCServerCoreData_2.0.0_empty.sqlite-shm"; sourceTree = "<group>"; };
		E1BA0BAA1F77D475000FA5C3 /* XCServerCoreData_2.0.0_empty.sqlite-wal */ = {isa = PBXFileReference; fileEncoding = 4; lastKnownFileType = text; path = "XCServerCoreData_2.0.0_empty.sqlite-wal"; sourceTree = "<group>"; };
		E1BA0BAC1F77D475000FA5C3 /* Asset+CoreDataProperties.swift */ = {isa = PBXFileReference; fileEncoding = 4; lastKnownFileType = sourcecode.swift; path = "Asset+CoreDataProperties.swift"; sourceTree = "<group>"; };
		E1BA0BAD1F77D475000FA5C3 /* Asset.swift */ = {isa = PBXFileReference; fileEncoding = 4; lastKnownFileType = sourcecode.swift; path = Asset.swift; sourceTree = "<group>"; };
		E1BA0BAE1F77D475000FA5C3 /* Bot+CoreDataProperties.swift */ = {isa = PBXFileReference; fileEncoding = 4; lastKnownFileType = sourcecode.swift; path = "Bot+CoreDataProperties.swift"; sourceTree = "<group>"; };
		E1BA0BAF1F77D475000FA5C3 /* Bot.swift */ = {isa = PBXFileReference; fileEncoding = 4; lastKnownFileType = sourcecode.swift; path = Bot.swift; sourceTree = "<group>"; };
		E1BA0BB01F77D475000FA5C3 /* BuildResultSummary+CoreDataProperties.swift */ = {isa = PBXFileReference; fileEncoding = 4; lastKnownFileType = sourcecode.swift; path = "BuildResultSummary+CoreDataProperties.swift"; sourceTree = "<group>"; };
		E1BA0BB11F77D475000FA5C3 /* BuildResultSummary.swift */ = {isa = PBXFileReference; fileEncoding = 4; lastKnownFileType = sourcecode.swift; path = BuildResultSummary.swift; sourceTree = "<group>"; };
		E1BA0BB21F77D475000FA5C3 /* Commit+CoreDataProperties.swift */ = {isa = PBXFileReference; fileEncoding = 4; lastKnownFileType = sourcecode.swift; path = "Commit+CoreDataProperties.swift"; sourceTree = "<group>"; };
		E1BA0BB31F77D475000FA5C3 /* Commit.swift */ = {isa = PBXFileReference; fileEncoding = 4; lastKnownFileType = sourcecode.swift; path = Commit.swift; sourceTree = "<group>"; };
		E1BA0BB41F77D475000FA5C3 /* CommitChange+CoreDataProperties.swift */ = {isa = PBXFileReference; fileEncoding = 4; lastKnownFileType = sourcecode.swift; path = "CommitChange+CoreDataProperties.swift"; sourceTree = "<group>"; };
		E1BA0BB51F77D475000FA5C3 /* CommitChange.swift */ = {isa = PBXFileReference; fileEncoding = 4; lastKnownFileType = sourcecode.swift; path = CommitChange.swift; sourceTree = "<group>"; };
		E1BA0BB61F77D475000FA5C3 /* CommitContributor+CoreDataProperties.swift */ = {isa = PBXFileReference; fileEncoding = 4; lastKnownFileType = sourcecode.swift; path = "CommitContributor+CoreDataProperties.swift"; sourceTree = "<group>"; };
		E1BA0BB71F77D475000FA5C3 /* CommitContributor.swift */ = {isa = PBXFileReference; fileEncoding = 4; lastKnownFileType = sourcecode.swift; path = CommitContributor.swift; sourceTree = "<group>"; };
		E1BA0BB81F77D475000FA5C3 /* Conditions+CoreDataProperties.swift */ = {isa = PBXFileReference; fileEncoding = 4; lastKnownFileType = sourcecode.swift; path = "Conditions+CoreDataProperties.swift"; sourceTree = "<group>"; };
		E1BA0BB91F77D475000FA5C3 /* Conditions.swift */ = {isa = PBXFileReference; fileEncoding = 4; lastKnownFileType = sourcecode.swift; path = Conditions.swift; sourceTree = "<group>"; };
		E1BA0BBA1F77D475000FA5C3 /* Configuration+CoreDataProperties.swift */ = {isa = PBXFileReference; fileEncoding = 4; lastKnownFileType = sourcecode.swift; path = "Configuration+CoreDataProperties.swift"; sourceTree = "<group>"; };
		E1BA0BBB1F77D475000FA5C3 /* Configuration.swift */ = {isa = PBXFileReference; fileEncoding = 4; lastKnownFileType = sourcecode.swift; path = Configuration.swift; sourceTree = "<group>"; };
		E1BA0BBC1F77D475000FA5C3 /* Device+CoreDataProperties.swift */ = {isa = PBXFileReference; fileEncoding = 4; lastKnownFileType = sourcecode.swift; path = "Device+CoreDataProperties.swift"; sourceTree = "<group>"; };
		E1BA0BBD1F77D475000FA5C3 /* Device.swift */ = {isa = PBXFileReference; fileEncoding = 4; lastKnownFileType = sourcecode.swift; path = Device.swift; sourceTree = "<group>"; };
		E1BA0BBE1F77D475000FA5C3 /* DeviceSpecification+CoreDataProperties.swift */ = {isa = PBXFileReference; fileEncoding = 4; lastKnownFileType = sourcecode.swift; path = "DeviceSpecification+CoreDataProperties.swift"; sourceTree = "<group>"; };
		E1BA0BBF1F77D475000FA5C3 /* DeviceSpecification.swift */ = {isa = PBXFileReference; fileEncoding = 4; lastKnownFileType = sourcecode.swift; path = DeviceSpecification.swift; sourceTree = "<group>"; };
		E1BA0BC01F77D475000FA5C3 /* EmailConfiguration+CoreDataProperties.swift */ = {isa = PBXFileReference; fileEncoding = 4; lastKnownFileType = sourcecode.swift; path = "EmailConfiguration+CoreDataProperties.swift"; sourceTree = "<group>"; };
		E1BA0BC11F77D475000FA5C3 /* EmailConfiguration.swift */ = {isa = PBXFileReference; fileEncoding = 4; lastKnownFileType = sourcecode.swift; path = EmailConfiguration.swift; sourceTree = "<group>"; };
		E1BA0BC21F77D475000FA5C3 /* Enumerations.swift */ = {isa = PBXFileReference; fileEncoding = 4; lastKnownFileType = sourcecode.swift; path = Enumerations.swift; sourceTree = "<group>"; };
		E1BA0BC31F77D475000FA5C3 /* Extensions.swift */ = {isa = PBXFileReference; fileEncoding = 4; lastKnownFileType = sourcecode.swift; path = Extensions.swift; sourceTree = "<group>"; };
		E1BA0BC41F77D475000FA5C3 /* Filter+CoreDataProperties.swift */ = {isa = PBXFileReference; fileEncoding = 4; lastKnownFileType = sourcecode.swift; path = "Filter+CoreDataProperties.swift"; sourceTree = "<group>"; };
		E1BA0BC51F77D475000FA5C3 /* Filter.swift */ = {isa = PBXFileReference; fileEncoding = 4; lastKnownFileType = sourcecode.swift; path = Filter.swift; sourceTree = "<group>"; };
		E1BA0BC61F77D475000FA5C3 /* Integration+CoreDataProperties.swift */ = {isa = PBXFileReference; fileEncoding = 4; lastKnownFileType = sourcecode.swift; path = "Integration+CoreDataProperties.swift"; sourceTree = "<group>"; };
		E1BA0BC71F77D475000FA5C3 /* Integration.swift */ = {isa = PBXFileReference; fileEncoding = 4; lastKnownFileType = sourcecode.swift; path = Integration.swift; sourceTree = "<group>"; };
		E1BA0BC81F77D475000FA5C3 /* IntegrationAssets+CoreDataProperties.swift */ = {isa = PBXFileReference; fileEncoding = 4; lastKnownFileType = sourcecode.swift; path = "IntegrationAssets+CoreDataProperties.swift"; sourceTree = "<group>"; };
		E1BA0BC91F77D475000FA5C3 /* IntegrationAssets.swift */ = {isa = PBXFileReference; fileEncoding = 4; lastKnownFileType = sourcecode.swift; path = IntegrationAssets.swift; sourceTree = "<group>"; };
		E1BA0BCA1F77D475000FA5C3 /* IntegrationIssues+CoreDataProperties.swift */ = {isa = PBXFileReference; fileEncoding = 4; lastKnownFileType = sourcecode.swift; path = "IntegrationIssues+CoreDataProperties.swift"; sourceTree = "<group>"; };
		E1BA0BCB1F77D475000FA5C3 /* IntegrationIssues.swift */ = {isa = PBXFileReference; fileEncoding = 4; lastKnownFileType = sourcecode.swift; path = IntegrationIssues.swift; sourceTree = "<group>"; };
		E1BA0BCC1F77D475000FA5C3 /* Issue+CoreDataProperties.swift */ = {isa = PBXFileReference; fileEncoding = 4; lastKnownFileType = sourcecode.swift; path = "Issue+CoreDataProperties.swift"; sourceTree = "<group>"; };
		E1BA0BCD1F77D475000FA5C3 /* Issue.swift */ = {isa = PBXFileReference; fileEncoding = 4; lastKnownFileType = sourcecode.swift; path = Issue.swift; sourceTree = "<group>"; };
		E1BA0BCE1F77D475000FA5C3 /* NSManagedObject+XCServerCoreData.swift */ = {isa = PBXFileReference; fileEncoding = 4; lastKnownFileType = sourcecode.swift; path = "NSManagedObject+XCServerCoreData.swift"; sourceTree = "<group>"; };
		E1BA0BCF1F77D475000FA5C3 /* NSManagedObjectContext+XCServerCoreData.swift */ = {isa = PBXFileReference; fileEncoding = 4; lastKnownFileType = sourcecode.swift; path = "NSManagedObjectContext+XCServerCoreData.swift"; sourceTree = "<group>"; };
		E1BA0BD01F77D475000FA5C3 /* Platform+CoreDataProperties.swift */ = {isa = PBXFileReference; fileEncoding = 4; lastKnownFileType = sourcecode.swift; path = "Platform+CoreDataProperties.swift"; sourceTree = "<group>"; };
		E1BA0BD11F77D475000FA5C3 /* Platform.swift */ = {isa = PBXFileReference; fileEncoding = 4; lastKnownFileType = sourcecode.swift; path = Platform.swift; sourceTree = "<group>"; };
		E1BA0BD21F77D475000FA5C3 /* Repository+CoreDataProperties.swift */ = {isa = PBXFileReference; fileEncoding = 4; lastKnownFileType = sourcecode.swift; path = "Repository+CoreDataProperties.swift"; sourceTree = "<group>"; };
		E1BA0BD31F77D475000FA5C3 /* Repository.swift */ = {isa = PBXFileReference; fileEncoding = 4; lastKnownFileType = sourcecode.swift; path = Repository.swift; sourceTree = "<group>"; };
		E1BA0BD41F77D475000FA5C3 /* XCSRepositoryBlueprint+XCServerCoreData.swift */ = {isa = PBXFileReference; fileEncoding = 4; lastKnownFileType = sourcecode.swift; path = "XCSRepositoryBlueprint+XCServerCoreData.swift"; sourceTree = "<group>"; };
		E1BA0BD51F77D475000FA5C3 /* RevisionBlueprint+CoreDataProperties.swift */ = {isa = PBXFileReference; fileEncoding = 4; lastKnownFileType = sourcecode.swift; path = "RevisionBlueprint+CoreDataProperties.swift"; sourceTree = "<group>"; };
		E1BA0BD61F77D475000FA5C3 /* RevisionBlueprint.swift */ = {isa = PBXFileReference; fileEncoding = 4; lastKnownFileType = sourcecode.swift; path = RevisionBlueprint.swift; sourceTree = "<group>"; };
		E1BA0BD71F77D475000FA5C3 /* Stats+CoreDataProperties.swift */ = {isa = PBXFileReference; fileEncoding = 4; lastKnownFileType = sourcecode.swift; path = "Stats+CoreDataProperties.swift"; sourceTree = "<group>"; };
		E1BA0BD81F77D475000FA5C3 /* Stats.swift */ = {isa = PBXFileReference; fileEncoding = 4; lastKnownFileType = sourcecode.swift; path = Stats.swift; sourceTree = "<group>"; };
		E1BA0BD91F77D475000FA5C3 /* StatsBreakdown+CoreDataProperties.swift */ = {isa = PBXFileReference; fileEncoding = 4; lastKnownFileType = sourcecode.swift; path = "StatsBreakdown+CoreDataProperties.swift"; sourceTree = "<group>"; };
		E1BA0BDA1F77D475000FA5C3 /* StatsBreakdown.swift */ = {isa = PBXFileReference; fileEncoding = 4; lastKnownFileType = sourcecode.swift; path = StatsBreakdown.swift; sourceTree = "<group>"; };
		E1BA0BDB1F77D475000FA5C3 /* Trigger+CoreDataProperties.swift */ = {isa = PBXFileReference; fileEncoding = 4; lastKnownFileType = sourcecode.swift; path = "Trigger+CoreDataProperties.swift"; sourceTree = "<group>"; };
		E1BA0BDC1F77D475000FA5C3 /* Trigger.swift */ = {isa = PBXFileReference; fileEncoding = 4; lastKnownFileType = sourcecode.swift; path = Trigger.swift; sourceTree = "<group>"; };
		E1BA0BDD1F77D475000FA5C3 /* XcodeServer+CoreDataProperties.swift */ = {isa = PBXFileReference; fileEncoding = 4; lastKnownFileType = sourcecode.swift; path = "XcodeServer+CoreDataProperties.swift"; sourceTree = "<group>"; };
		E1BA0BDE1F77D475000FA5C3 /* XcodeServer.swift */ = {isa = PBXFileReference; fileEncoding = 4; lastKnownFileType = sourcecode.swift; path = XcodeServer.swift; sourceTree = "<group>"; };
		E1BA0BDF1F77D475000FA5C3 /* XCServerCoreData.swift */ = {isa = PBXFileReference; fileEncoding = 4; lastKnownFileType = sourcecode.swift; path = XCServerCoreData.swift; sourceTree = "<group>"; };
		E1BA0BE11F77D476000FA5C3 /* MappingModel1.0.0to1.1.0.xcmappingmodel */ = {isa = PBXFileReference; lastKnownFileType = wrapper.xcmappingmodel; path = MappingModel1.0.0to1.1.0.xcmappingmodel; sourceTree = "<group>"; };
		E1BA0BE21F77D476000FA5C3 /* MappingModel1.0.0to1.2.0.xcmappingmodel */ = {isa = PBXFileReference; lastKnownFileType = wrapper.xcmappingmodel; path = MappingModel1.0.0to1.2.0.xcmappingmodel; sourceTree = "<group>"; };
		E1BA0BE31F77D476000FA5C3 /* MappingModel1.0.0to2.0.0.xcmappingmodel */ = {isa = PBXFileReference; lastKnownFileType = wrapper.xcmappingmodel; path = MappingModel1.0.0to2.0.0.xcmappingmodel; sourceTree = "<group>"; };
		E1BA0BE41F77D476000FA5C3 /* MappingModel1.1.0to1.2.0.xcmappingmodel */ = {isa = PBXFileReference; lastKnownFileType = wrapper.xcmappingmodel; path = MappingModel1.1.0to1.2.0.xcmappingmodel; sourceTree = "<group>"; };
		E1BA0BE51F77D476000FA5C3 /* MappingModel1.1.0to2.0.0.xcmappingmodel */ = {isa = PBXFileReference; lastKnownFileType = wrapper.xcmappingmodel; path = MappingModel1.1.0to2.0.0.xcmappingmodel; sourceTree = "<group>"; };
		E1BA0BE61F77D476000FA5C3 /* MappingModel1.2.0to2.0.0.xcmappingmodel */ = {isa = PBXFileReference; lastKnownFileType = wrapper.xcmappingmodel; path = MappingModel1.2.0to2.0.0.xcmappingmodel; sourceTree = "<group>"; };
		E1BA0BE71F77D476000FA5C3 /* MigrateIntegrationStringToDate.swift */ = {isa = PBXFileReference; fileEncoding = 4; lastKnownFileType = sourcecode.swift; path = MigrateIntegrationStringToDate.swift; sourceTree = "<group>"; };
		E1BA0BE91F77D476000FA5C3 /* XCServerCoreData.xcdatamodel */ = {isa = PBXFileReference; lastKnownFileType = wrapper.xcdatamodel; path = XCServerCoreData.xcdatamodel; sourceTree = "<group>"; };
		E1BA0BEA1F77D476000FA5C3 /* XCServerCoreData1.1.0.xcdatamodel */ = {isa = PBXFileReference; lastKnownFileType = wrapper.xcdatamodel; path = XCServerCoreData1.1.0.xcdatamodel; sourceTree = "<group>"; };
		E1BA0BEB1F77D476000FA5C3 /* XCServerCoreData1.2.0.xcdatamodel */ = {isa = PBXFileReference; lastKnownFileType = wrapper.xcdatamodel; path = XCServerCoreData1.2.0.xcdatamodel; sourceTree = "<group>"; };
		E1BA0BEC1F77D476000FA5C3 /* XCServerCoreData2.0.0.xcdatamodel */ = {isa = PBXFileReference; lastKnownFileType = wrapper.xcdatamodel; path = XCServerCoreData2.0.0.xcdatamodel; sourceTree = "<group>"; };
/* End PBXFileReference section */

/* Begin PBXFrameworksBuildPhase section */
		E16242331CE3930F00283B2E /* Frameworks */ = {
			isa = PBXFrameworksBuildPhase;
			buildActionMask = 2147483647;
			files = (
				6EE76FFA4215C9D5E96128BD /* Pods_XCServerCoreData.framework in Frameworks */,
			);
			runOnlyForDeploymentPostprocessing = 0;
		};
		E162423E1CE3930F00283B2E /* Frameworks */ = {
			isa = PBXFrameworksBuildPhase;
			buildActionMask = 2147483647;
			files = (
				E16242421CE3930F00283B2E /* XCServerCoreData.framework in Frameworks */,
				5CEFEA4FBED6851A7764AB02 /* Pods_XCServerCoreDataTests.framework in Frameworks */,
			);
			runOnlyForDeploymentPostprocessing = 0;
		};
/* End PBXFrameworksBuildPhase section */

/* Begin PBXGroup section */
		C0EA240D215F436C7CA6A6DE /* Frameworks */ = {
			isa = PBXGroup;
			children = (
				AEB5707657641BBC68AEF58A /* Pods_XCServerCoreData.framework */,
				0076955174737FC3BB5C7F0D /* Pods_XCServerCoreDataTests.framework */,
			);
			name = Frameworks;
			sourceTree = "<group>";
		};
		E162422D1CE3930F00283B2E = {
			isa = PBXGroup;
			children = (
				E1BA0BE01F77D475000FA5C3 /* Resources */,
				E1BA0BAB1F77D475000FA5C3 /* Sources */,
				E1BA0B9E1F77D475000FA5C3 /* Tests */,
				E16242391CE3930F00283B2E /* XCServerCoreData */,
				E16242451CE3930F00283B2E /* XCServerCoreDataTests */,
				E16242381CE3930F00283B2E /* Products */,
				F49CC9175CF2907348293CB5 /* Pods */,
				C0EA240D215F436C7CA6A6DE /* Frameworks */,
			);
			sourceTree = "<group>";
		};
		E16242381CE3930F00283B2E /* Products */ = {
			isa = PBXGroup;
			children = (
				E16242371CE3930F00283B2E /* XCServerCoreData.framework */,
				E16242411CE3930F00283B2E /* XCServerCoreDataTests.xctest */,
			);
			name = Products;
			sourceTree = "<group>";
		};
		E16242391CE3930F00283B2E /* XCServerCoreData */ = {
			isa = PBXGroup;
			children = (
				E162423A1CE3930F00283B2E /* XCServerCoreData.h */,
				E162423C1CE3930F00283B2E /* Info.plist */,
			);
			path = XCServerCoreData;
			sourceTree = "<group>";
		};
		E16242451CE3930F00283B2E /* XCServerCoreDataTests */ = {
			isa = PBXGroup;
			children = (
				E16242481CE3930F00283B2E /* Info.plist */,
			);
			path = XCServerCoreDataTests;
			sourceTree = "<group>";
		};
		E1BA0B9E1F77D475000FA5C3 /* Tests */ = {
			isa = PBXGroup;
			children = (
				E1BA0B9F1F77D475000FA5C3 /* CommonExtensionTests.swift */,
				E1BA0BA01F77D475000FA5C3 /* CoreDataFileTests.swift */,
				E1BA0BA11F77D475000FA5C3 /* CoreDataVersions.swift */,
				E1BA0BA21F77D475000FA5C3 /* XCServerCoreData_1.2.0.sqlite */,
				E1BA0BA31F77D475000FA5C3 /* XCServerCoreData_1.2.0.sqlite-shm */,
				E1BA0BA41F77D475000FA5C3 /* XCServerCoreData_1.2.0.sqlite-wal */,
				E1BA0BA51F77D475000FA5C3 /* XCServerCoreData_1.2.0_empty.sqlite */,
				E1BA0BA61F77D475000FA5C3 /* XCServerCoreData_1.2.0_empty.sqlite-shm */,
				E1BA0BA71F77D475000FA5C3 /* XCServerCoreData_1.2.0_empty.sqlite-wal */,
				E1BA0BA81F77D475000FA5C3 /* XCServerCoreData_2.0.0_empty.sqlite */,
				E1BA0BA91F77D475000FA5C3 /* XCServerCoreData_2.0.0_empty.sqlite-shm */,
				E1BA0BAA1F77D475000FA5C3 /* XCServerCoreData_2.0.0_empty.sqlite-wal */,
			);
			path = Tests;
			sourceTree = "<group>";
		};
		E1BA0BAB1F77D475000FA5C3 /* Sources */ = {
			isa = PBXGroup;
			children = (
				E1BA0BAC1F77D475000FA5C3 /* Asset+CoreDataProperties.swift */,
				E1BA0BAD1F77D475000FA5C3 /* Asset.swift */,
				E1BA0BAE1F77D475000FA5C3 /* Bot+CoreDataProperties.swift */,
				E1BA0BAF1F77D475000FA5C3 /* Bot.swift */,
				E1BA0BB01F77D475000FA5C3 /* BuildResultSummary+CoreDataProperties.swift */,
				E1BA0BB11F77D475000FA5C3 /* BuildResultSummary.swift */,
				E1BA0BB21F77D475000FA5C3 /* Commit+CoreDataProperties.swift */,
				E1BA0BB31F77D475000FA5C3 /* Commit.swift */,
				E1BA0BB41F77D475000FA5C3 /* CommitChange+CoreDataProperties.swift */,
				E1BA0BB51F77D475000FA5C3 /* CommitChange.swift */,
				E1BA0BB61F77D475000FA5C3 /* CommitContributor+CoreDataProperties.swift */,
				E1BA0BB71F77D475000FA5C3 /* CommitContributor.swift */,
				E1BA0BB81F77D475000FA5C3 /* Conditions+CoreDataProperties.swift */,
				E1BA0BB91F77D475000FA5C3 /* Conditions.swift */,
				E1BA0BBA1F77D475000FA5C3 /* Configuration+CoreDataProperties.swift */,
				E1BA0BBB1F77D475000FA5C3 /* Configuration.swift */,
				E1BA0BBC1F77D475000FA5C3 /* Device+CoreDataProperties.swift */,
				E1BA0BBD1F77D475000FA5C3 /* Device.swift */,
				E1BA0BBE1F77D475000FA5C3 /* DeviceSpecification+CoreDataProperties.swift */,
				E1BA0BBF1F77D475000FA5C3 /* DeviceSpecification.swift */,
				E1BA0BC01F77D475000FA5C3 /* EmailConfiguration+CoreDataProperties.swift */,
				E1BA0BC11F77D475000FA5C3 /* EmailConfiguration.swift */,
				E1BA0BC21F77D475000FA5C3 /* Enumerations.swift */,
				E1BA0BC31F77D475000FA5C3 /* Extensions.swift */,
				E1BA0BC41F77D475000FA5C3 /* Filter+CoreDataProperties.swift */,
				E1BA0BC51F77D475000FA5C3 /* Filter.swift */,
				E1BA0BC61F77D475000FA5C3 /* Integration+CoreDataProperties.swift */,
				E1BA0BC71F77D475000FA5C3 /* Integration.swift */,
				E1BA0BC81F77D475000FA5C3 /* IntegrationAssets+CoreDataProperties.swift */,
				E1BA0BC91F77D475000FA5C3 /* IntegrationAssets.swift */,
				E1BA0BCA1F77D475000FA5C3 /* IntegrationIssues+CoreDataProperties.swift */,
				E1BA0BCB1F77D475000FA5C3 /* IntegrationIssues.swift */,
				E1BA0BCC1F77D475000FA5C3 /* Issue+CoreDataProperties.swift */,
				E1BA0BCD1F77D475000FA5C3 /* Issue.swift */,
				E1BA0BCE1F77D475000FA5C3 /* NSManagedObject+XCServerCoreData.swift */,
				E1BA0BCF1F77D475000FA5C3 /* NSManagedObjectContext+XCServerCoreData.swift */,
				E1BA0BD01F77D475000FA5C3 /* Platform+CoreDataProperties.swift */,
				E1BA0BD11F77D475000FA5C3 /* Platform.swift */,
				E1BA0BD21F77D475000FA5C3 /* Repository+CoreDataProperties.swift */,
				E1BA0BD31F77D475000FA5C3 /* Repository.swift */,
				E1BA0BD41F77D475000FA5C3 /* XCSRepositoryBlueprint+XCServerCoreData.swift */,
				E1BA0BD51F77D475000FA5C3 /* RevisionBlueprint+CoreDataProperties.swift */,
				E1BA0BD61F77D475000FA5C3 /* RevisionBlueprint.swift */,
				E1BA0BD71F77D475000FA5C3 /* Stats+CoreDataProperties.swift */,
				E1BA0BD81F77D475000FA5C3 /* Stats.swift */,
				E1BA0BD91F77D475000FA5C3 /* StatsBreakdown+CoreDataProperties.swift */,
				E1BA0BDA1F77D475000FA5C3 /* StatsBreakdown.swift */,
				E1BA0BDB1F77D475000FA5C3 /* Trigger+CoreDataProperties.swift */,
				E1BA0BDC1F77D475000FA5C3 /* Trigger.swift */,
				E1BA0BDD1F77D475000FA5C3 /* XcodeServer+CoreDataProperties.swift */,
				E1BA0BDE1F77D475000FA5C3 /* XcodeServer.swift */,
				E1BA0BDF1F77D475000FA5C3 /* XCServerCoreData.swift */,
			);
			path = Sources;
			sourceTree = "<group>";
		};
		E1BA0BE01F77D475000FA5C3 /* Resources */ = {
			isa = PBXGroup;
			children = (
				E1BA0BE11F77D476000FA5C3 /* MappingModel1.0.0to1.1.0.xcmappingmodel */,
				E1BA0BE21F77D476000FA5C3 /* MappingModel1.0.0to1.2.0.xcmappingmodel */,
				E1BA0BE31F77D476000FA5C3 /* MappingModel1.0.0to2.0.0.xcmappingmodel */,
				E1BA0BE41F77D476000FA5C3 /* MappingModel1.1.0to1.2.0.xcmappingmodel */,
				E1BA0BE51F77D476000FA5C3 /* MappingModel1.1.0to2.0.0.xcmappingmodel */,
				E1BA0BE61F77D476000FA5C3 /* MappingModel1.2.0to2.0.0.xcmappingmodel */,
				E1BA0BE71F77D476000FA5C3 /* MigrateIntegrationStringToDate.swift */,
				E1BA0BE81F77D476000FA5C3 /* XCServerCoreData.xcdatamodeld */,
			);
			path = Resources;
			sourceTree = "<group>";
		};
		F49CC9175CF2907348293CB5 /* Pods */ = {
			isa = PBXGroup;
			children = (
				9730B4BB5CFE81B9C72334DD /* Pods-XCServerCoreData.debug.xcconfig */,
				B1F8F1B2AA7D40A2552E1604 /* Pods-XCServerCoreData.release.xcconfig */,
				6BDF2BB4F6C3425C772ED3F2 /* Pods-XCServerCoreDataTests.debug.xcconfig */,
				241E97D293A69C76BE38BE80 /* Pods-XCServerCoreDataTests.release.xcconfig */,
			);
			name = Pods;
			sourceTree = "<group>";
		};
/* End PBXGroup section */

/* Begin PBXHeadersBuildPhase section */
		E16242341CE3930F00283B2E /* Headers */ = {
			isa = PBXHeadersBuildPhase;
			buildActionMask = 2147483647;
			files = (
				E162423B1CE3930F00283B2E /* XCServerCoreData.h in Headers */,
			);
			runOnlyForDeploymentPostprocessing = 0;
		};
/* End PBXHeadersBuildPhase section */

/* Begin PBXNativeTarget section */
		E16242361CE3930F00283B2E /* XCServerCoreData */ = {
			isa = PBXNativeTarget;
			buildConfigurationList = E162424B1CE3930F00283B2E /* Build configuration list for PBXNativeTarget "XCServerCoreData" */;
			buildPhases = (
				374A36D81362B948A6BEAF1F /* [CP] Check Pods Manifest.lock */,
				E16242321CE3930F00283B2E /* Sources */,
				E16242331CE3930F00283B2E /* Frameworks */,
				E16242341CE3930F00283B2E /* Headers */,
				E16242351CE3930F00283B2E /* Resources */,
				8A282B916545EDCEAC16028E /* [CP] Copy Pods Resources */,
			);
			buildRules = (
			);
			dependencies = (
			);
			name = XCServerCoreData;
			productName = XCServerCoreData;
			productReference = E16242371CE3930F00283B2E /* XCServerCoreData.framework */;
			productType = "com.apple.product-type.framework";
		};
		E16242401CE3930F00283B2E /* XCServerCoreDataTests */ = {
			isa = PBXNativeTarget;
			buildConfigurationList = E162424E1CE3930F00283B2E /* Build configuration list for PBXNativeTarget "XCServerCoreDataTests" */;
			buildPhases = (
				B92A8381D9619482033629D0 /* [CP] Check Pods Manifest.lock */,
				E162423D1CE3930F00283B2E /* Sources */,
				E162423E1CE3930F00283B2E /* Frameworks */,
				E162423F1CE3930F00283B2E /* Resources */,
				5DB144CECCD2D29257BC2CB0 /* [CP] Embed Pods Frameworks */,
				7E07A15E0BB900754E31B86F /* [CP] Copy Pods Resources */,
			);
			buildRules = (
			);
			dependencies = (
				E16242441CE3930F00283B2E /* PBXTargetDependency */,
			);
			name = XCServerCoreDataTests;
			productName = XCServerCoreDataTests;
			productReference = E16242411CE3930F00283B2E /* XCServerCoreDataTests.xctest */;
			productType = "com.apple.product-type.bundle.unit-test";
		};
/* End PBXNativeTarget section */

/* Begin PBXProject section */
		E162422E1CE3930F00283B2E /* Project object */ = {
			isa = PBXProject;
			attributes = {
				LastSwiftUpdateCheck = 0730;
				LastUpgradeCheck = 0900;
				ORGANIZATIONNAME = "Richard Piazza";
				TargetAttributes = {
					E16242361CE3930F00283B2E = {
						CreatedOnToolsVersion = 7.3.1;
						LastSwiftMigration = 0900;
					};
					E16242401CE3930F00283B2E = {
						CreatedOnToolsVersion = 7.3.1;
						LastSwiftMigration = 0900;
					};
				};
			};
			buildConfigurationList = E16242311CE3930F00283B2E /* Build configuration list for PBXProject "XCServerCoreData" */;
			compatibilityVersion = "Xcode 3.2";
			developmentRegion = English;
			hasScannedForEncodings = 0;
			knownRegions = (
				en,
			);
			mainGroup = E162422D1CE3930F00283B2E;
			productRefGroup = E16242381CE3930F00283B2E /* Products */;
			projectDirPath = "";
			projectRoot = "";
			targets = (
				E16242361CE3930F00283B2E /* XCServerCoreData */,
				E16242401CE3930F00283B2E /* XCServerCoreDataTests */,
			);
		};
/* End PBXProject section */

/* Begin PBXResourcesBuildPhase section */
		E16242351CE3930F00283B2E /* Resources */ = {
			isa = PBXResourcesBuildPhase;
			buildActionMask = 2147483647;
			files = (
			);
			runOnlyForDeploymentPostprocessing = 0;
		};
		E162423F1CE3930F00283B2E /* Resources */ = {
			isa = PBXResourcesBuildPhase;
			buildActionMask = 2147483647;
			files = (
				E1BA0C3C1F77D485000FA5C3 /* XCServerCoreData_1.2.0_empty.sqlite-shm in Resources */,
				E1BA0C3B1F77D485000FA5C3 /* XCServerCoreData_1.2.0_empty.sqlite in Resources */,
				E1BA0C381F77D485000FA5C3 /* XCServerCoreData_1.2.0.sqlite in Resources */,
				E1BA0C3D1F77D485000FA5C3 /* XCServerCoreData_1.2.0_empty.sqlite-wal in Resources */,
				E1BA0C3F1F77D485000FA5C3 /* XCServerCoreData_2.0.0_empty.sqlite-shm in Resources */,
				E1BA0C3A1F77D485000FA5C3 /* XCServerCoreData_1.2.0.sqlite-wal in Resources */,
				E1BA0C401F77D485000FA5C3 /* XCServerCoreData_2.0.0_empty.sqlite-wal in Resources */,
				E1BA0C3E1F77D485000FA5C3 /* XCServerCoreData_2.0.0_empty.sqlite in Resources */,
				E1BA0C391F77D485000FA5C3 /* XCServerCoreData_1.2.0.sqlite-shm in Resources */,
			);
			runOnlyForDeploymentPostprocessing = 0;
		};
/* End PBXResourcesBuildPhase section */

/* Begin PBXShellScriptBuildPhase section */
		374A36D81362B948A6BEAF1F /* [CP] Check Pods Manifest.lock */ = {
			isa = PBXShellScriptBuildPhase;
			buildActionMask = 2147483647;
			files = (
			);
			inputPaths = (
				"${PODS_PODFILE_DIR_PATH}/Podfile.lock",
				"${PODS_ROOT}/Manifest.lock",
			);
			name = "[CP] Check Pods Manifest.lock";
			outputPaths = (
				"$(DERIVED_FILE_DIR)/Pods-XCServerCoreData-checkManifestLockResult.txt",
			);
			runOnlyForDeploymentPostprocessing = 0;
			shellPath = /bin/sh;
			shellScript = "diff \"${PODS_PODFILE_DIR_PATH}/Podfile.lock\" \"${PODS_ROOT}/Manifest.lock\" > /dev/null\nif [ $? != 0 ] ; then\n    # print error to STDERR\n    echo \"error: The sandbox is not in sync with the Podfile.lock. Run 'pod install' or update your CocoaPods installation.\" >&2\n    exit 1\nfi\n# This output is used by Xcode 'outputs' to avoid re-running this script phase.\necho \"SUCCESS\" > \"${SCRIPT_OUTPUT_FILE_0}\"\n";
			showEnvVarsInLog = 0;
		};
		5DB144CECCD2D29257BC2CB0 /* [CP] Embed Pods Frameworks */ = {
			isa = PBXShellScriptBuildPhase;
			buildActionMask = 2147483647;
			files = (
			);
			inputPaths = (
				"${SRCROOT}/Pods/Target Support Files/Pods-XCServerCoreDataTests/Pods-XCServerCoreDataTests-frameworks.sh",
				"${BUILT_PRODUCTS_DIR}/BZipper/BZipCompression.framework",
				"${BUILT_PRODUCTS_DIR}/CodeQuickKit/CodeQuickKit.framework",
				"${BUILT_PRODUCTS_DIR}/XCServerAPI/XCServerAPI.framework",
			);
			name = "[CP] Embed Pods Frameworks";
			outputPaths = (
				"${TARGET_BUILD_DIR}/${FRAMEWORKS_FOLDER_PATH}/BZipCompression.framework",
				"${TARGET_BUILD_DIR}/${FRAMEWORKS_FOLDER_PATH}/CodeQuickKit.framework",
				"${TARGET_BUILD_DIR}/${FRAMEWORKS_FOLDER_PATH}/XCServerAPI.framework",
			);
			runOnlyForDeploymentPostprocessing = 0;
			shellPath = /bin/sh;
			shellScript = "\"${SRCROOT}/Pods/Target Support Files/Pods-XCServerCoreDataTests/Pods-XCServerCoreDataTests-frameworks.sh\"\n";
			showEnvVarsInLog = 0;
		};
		7E07A15E0BB900754E31B86F /* [CP] Copy Pods Resources */ = {
			isa = PBXShellScriptBuildPhase;
			buildActionMask = 2147483647;
			files = (
			);
			inputPaths = (
			);
			name = "[CP] Copy Pods Resources";
			outputPaths = (
			);
			runOnlyForDeploymentPostprocessing = 0;
			shellPath = /bin/sh;
			shellScript = "\"${SRCROOT}/Pods/Target Support Files/Pods-XCServerCoreDataTests/Pods-XCServerCoreDataTests-resources.sh\"\n";
			showEnvVarsInLog = 0;
		};
		8A282B916545EDCEAC16028E /* [CP] Copy Pods Resources */ = {
			isa = PBXShellScriptBuildPhase;
			buildActionMask = 2147483647;
			files = (
			);
			inputPaths = (
			);
			name = "[CP] Copy Pods Resources";
			outputPaths = (
			);
			runOnlyForDeploymentPostprocessing = 0;
			shellPath = /bin/sh;
			shellScript = "\"${SRCROOT}/Pods/Target Support Files/Pods-XCServerCoreData/Pods-XCServerCoreData-resources.sh\"\n";
			showEnvVarsInLog = 0;
		};
		B92A8381D9619482033629D0 /* [CP] Check Pods Manifest.lock */ = {
			isa = PBXShellScriptBuildPhase;
			buildActionMask = 2147483647;
			files = (
			);
			inputPaths = (
				"${PODS_PODFILE_DIR_PATH}/Podfile.lock",
				"${PODS_ROOT}/Manifest.lock",
			);
			name = "[CP] Check Pods Manifest.lock";
			outputPaths = (
				"$(DERIVED_FILE_DIR)/Pods-XCServerCoreDataTests-checkManifestLockResult.txt",
			);
			runOnlyForDeploymentPostprocessing = 0;
			shellPath = /bin/sh;
			shellScript = "diff \"${PODS_PODFILE_DIR_PATH}/Podfile.lock\" \"${PODS_ROOT}/Manifest.lock\" > /dev/null\nif [ $? != 0 ] ; then\n    # print error to STDERR\n    echo \"error: The sandbox is not in sync with the Podfile.lock. Run 'pod install' or update your CocoaPods installation.\" >&2\n    exit 1\nfi\n# This output is used by Xcode 'outputs' to avoid re-running this script phase.\necho \"SUCCESS\" > \"${SCRIPT_OUTPUT_FILE_0}\"\n";
			showEnvVarsInLog = 0;
		};
/* End PBXShellScriptBuildPhase section */

/* Begin PBXSourcesBuildPhase section */
		E16242321CE3930F00283B2E /* Sources */ = {
			isa = PBXSourcesBuildPhase;
			buildActionMask = 2147483647;
			files = (
				E1BA0C2C1F77D476000FA5C3 /* XCServerCoreData.swift in Sources */,
				E1BA0C321F77D476000FA5C3 /* MappingModel1.2.0to2.0.0.xcmappingmodel in Sources */,
				E1BA0BFF1F77D476000FA5C3 /* Commit+CoreDataProperties.swift in Sources */,
				E1BA0C101F77D476000FA5C3 /* Extensions.swift in Sources */,
				E1BA0C131F77D476000FA5C3 /* Integration+CoreDataProperties.swift in Sources */,
				E1BA0C121F77D476000FA5C3 /* Filter.swift in Sources */,
				E1BA0BF91F77D476000FA5C3 /* Asset+CoreDataProperties.swift in Sources */,
				E1BA0C071F77D476000FA5C3 /* Configuration+CoreDataProperties.swift in Sources */,
				E1BA0C201F77D476000FA5C3 /* Repository.swift in Sources */,
				E1BA0C081F77D476000FA5C3 /* Configuration.swift in Sources */,
				E1BA0C1F1F77D476000FA5C3 /* Repository+CoreDataProperties.swift in Sources */,
				E1BA0C031F77D476000FA5C3 /* CommitContributor+CoreDataProperties.swift in Sources */,
				E1BA0C0B1F77D476000FA5C3 /* DeviceSpecification+CoreDataProperties.swift in Sources */,
				E1BA0C111F77D476000FA5C3 /* Filter+CoreDataProperties.swift in Sources */,
				E1BA0C1B1F77D476000FA5C3 /* NSManagedObject+XCServerCoreData.swift in Sources */,
				E1BA0C001F77D476000FA5C3 /* Commit.swift in Sources */,
				E1BA0C211F77D476000FA5C3 /* XCSRepositoryBlueprint+XCServerCoreData.swift in Sources */,
				E1BA0C1D1F77D476000FA5C3 /* Platform+CoreDataProperties.swift in Sources */,
				E1BA0C271F77D476000FA5C3 /* StatsBreakdown.swift in Sources */,
				E1BA0C2B1F77D476000FA5C3 /* XcodeServer.swift in Sources */,
				E1BA0C061F77D476000FA5C3 /* Conditions.swift in Sources */,
				E1BA0BFC1F77D476000FA5C3 /* Bot.swift in Sources */,
				E1BA0BFA1F77D476000FA5C3 /* Asset.swift in Sources */,
				E1BA0C1A1F77D476000FA5C3 /* Issue.swift in Sources */,
				E1BA0C0F1F77D476000FA5C3 /* Enumerations.swift in Sources */,
				E1BA0C161F77D476000FA5C3 /* IntegrationAssets.swift in Sources */,
				E1BA0C2A1F77D476000FA5C3 /* XcodeServer+CoreDataProperties.swift in Sources */,
				E1BA0C291F77D476000FA5C3 /* Trigger.swift in Sources */,
				E1BA0C021F77D476000FA5C3 /* CommitChange.swift in Sources */,
				E1BA0C261F77D476000FA5C3 /* StatsBreakdown+CoreDataProperties.swift in Sources */,
				E1BA0C0A1F77D476000FA5C3 /* Device.swift in Sources */,
				E1BA0C2D1F77D476000FA5C3 /* MappingModel1.0.0to1.1.0.xcmappingmodel in Sources */,
				E1BA0BFE1F77D476000FA5C3 /* BuildResultSummary.swift in Sources */,
				E1BA0C0E1F77D476000FA5C3 /* EmailConfiguration.swift in Sources */,
				E1BA0C171F77D476000FA5C3 /* IntegrationIssues+CoreDataProperties.swift in Sources */,
				E1BA0C2F1F77D476000FA5C3 /* MappingModel1.0.0to2.0.0.xcmappingmodel in Sources */,
				E1BA0C041F77D476000FA5C3 /* CommitContributor.swift in Sources */,
				E1BA0C051F77D476000FA5C3 /* Conditions+CoreDataProperties.swift in Sources */,
				E1BA0C151F77D476000FA5C3 /* IntegrationAssets+CoreDataProperties.swift in Sources */,
				E1BA0C0D1F77D476000FA5C3 /* EmailConfiguration+CoreDataProperties.swift in Sources */,
				E1BA0C1C1F77D476000FA5C3 /* NSManagedObjectContext+XCServerCoreData.swift in Sources */,
				E1BA0C181F77D476000FA5C3 /* IntegrationIssues.swift in Sources */,
				E1BA0C141F77D476000FA5C3 /* Integration.swift in Sources */,
				E1BA0C1E1F77D476000FA5C3 /* Platform.swift in Sources */,
				E1BA0C331F77D476000FA5C3 /* MigrateIntegrationStringToDate.swift in Sources */,
				E1BA0C251F77D476000FA5C3 /* Stats.swift in Sources */,
				E1BA0C241F77D476000FA5C3 /* Stats+CoreDataProperties.swift in Sources */,
				E1BA0BFD1F77D476000FA5C3 /* BuildResultSummary+CoreDataProperties.swift in Sources */,
				E1BA0C091F77D476000FA5C3 /* Device+CoreDataProperties.swift in Sources */,
				E1BA0C231F77D476000FA5C3 /* RevisionBlueprint.swift in Sources */,
				E1BA0C221F77D476000FA5C3 /* RevisionBlueprint+CoreDataProperties.swift in Sources */,
				E1BA0C341F77D476000FA5C3 /* XCServerCoreData.xcdatamodeld in Sources */,
				E1BA0C0C1F77D476000FA5C3 /* DeviceSpecification.swift in Sources */,
				E1BA0C191F77D476000FA5C3 /* Issue+CoreDataProperties.swift in Sources */,
				E1BA0C011F77D476000FA5C3 /* CommitChange+CoreDataProperties.swift in Sources */,
				E1BA0C301F77D476000FA5C3 /* MappingModel1.1.0to1.2.0.xcmappingmodel in Sources */,
				E1BA0BFB1F77D476000FA5C3 /* Bot+CoreDataProperties.swift in Sources */,
				E1BA0C311F77D476000FA5C3 /* MappingModel1.1.0to2.0.0.xcmappingmodel in Sources */,
				E1BA0C281F77D476000FA5C3 /* Trigger+CoreDataProperties.swift in Sources */,
				E1BA0C2E1F77D476000FA5C3 /* MappingModel1.0.0to1.2.0.xcmappingmodel in Sources */,
			);
			runOnlyForDeploymentPostprocessing = 0;
		};
		E162423D1CE3930F00283B2E /* Sources */ = {
			isa = PBXSourcesBuildPhase;
			buildActionMask = 2147483647;
			files = (
				E1BA0C361F77D485000FA5C3 /* CoreDataFileTests.swift in Sources */,
				E1BA0C351F77D485000FA5C3 /* CommonExtensionTests.swift in Sources */,
				E1BA0C371F77D485000FA5C3 /* CoreDataVersions.swift in Sources */,
			);
			runOnlyForDeploymentPostprocessing = 0;
		};
/* End PBXSourcesBuildPhase section */

/* Begin PBXTargetDependency section */
		E16242441CE3930F00283B2E /* PBXTargetDependency */ = {
			isa = PBXTargetDependency;
			target = E16242361CE3930F00283B2E /* XCServerCoreData */;
			targetProxy = E16242431CE3930F00283B2E /* PBXContainerItemProxy */;
		};
/* End PBXTargetDependency section */

/* Begin XCBuildConfiguration section */
		E16242491CE3930F00283B2E /* Debug */ = {
			isa = XCBuildConfiguration;
			buildSettings = {
				ALWAYS_SEARCH_USER_PATHS = NO;
				CLANG_ANALYZER_NONNULL = YES;
				CLANG_CXX_LANGUAGE_STANDARD = "gnu++0x";
				CLANG_CXX_LIBRARY = "libc++";
				CLANG_ENABLE_MODULES = YES;
				CLANG_ENABLE_OBJC_ARC = YES;
				CLANG_WARN_BLOCK_CAPTURE_AUTORELEASING = YES;
				CLANG_WARN_BOOL_CONVERSION = YES;
				CLANG_WARN_COMMA = YES;
				CLANG_WARN_CONSTANT_CONVERSION = YES;
				CLANG_WARN_DIRECT_OBJC_ISA_USAGE = YES_ERROR;
				CLANG_WARN_EMPTY_BODY = YES;
				CLANG_WARN_ENUM_CONVERSION = YES;
				CLANG_WARN_INFINITE_RECURSION = YES;
				CLANG_WARN_INT_CONVERSION = YES;
				CLANG_WARN_NON_LITERAL_NULL_CONVERSION = YES;
				CLANG_WARN_OBJC_LITERAL_CONVERSION = YES;
				CLANG_WARN_OBJC_ROOT_CLASS = YES_ERROR;
				CLANG_WARN_RANGE_LOOP_ANALYSIS = YES;
				CLANG_WARN_STRICT_PROTOTYPES = YES;
				CLANG_WARN_SUSPICIOUS_MOVE = YES;
				CLANG_WARN_UNREACHABLE_CODE = YES;
				CLANG_WARN__DUPLICATE_METHOD_MATCH = YES;
				"CODE_SIGN_IDENTITY[sdk=iphoneos*]" = "iPhone Developer";
				COPY_PHASE_STRIP = NO;
				CURRENT_PROJECT_VERSION = 1;
				DEBUG_INFORMATION_FORMAT = dwarf;
				ENABLE_STRICT_OBJC_MSGSEND = YES;
				ENABLE_TESTABILITY = YES;
				GCC_C_LANGUAGE_STANDARD = gnu99;
				GCC_DYNAMIC_NO_PIC = NO;
				GCC_NO_COMMON_BLOCKS = YES;
				GCC_OPTIMIZATION_LEVEL = 0;
				GCC_PREPROCESSOR_DEFINITIONS = (
					"DEBUG=1",
					"$(inherited)",
				);
				GCC_WARN_64_TO_32_BIT_CONVERSION = YES;
				GCC_WARN_ABOUT_RETURN_TYPE = YES_ERROR;
				GCC_WARN_UNDECLARED_SELECTOR = YES;
				GCC_WARN_UNINITIALIZED_AUTOS = YES_AGGRESSIVE;
				GCC_WARN_UNUSED_FUNCTION = YES;
				GCC_WARN_UNUSED_VARIABLE = YES;
				IPHONEOS_DEPLOYMENT_TARGET = 11.0;
				MTL_ENABLE_DEBUG_INFO = YES;
				ONLY_ACTIVE_ARCH = YES;
				SDKROOT = iphoneos;
				SWIFT_OPTIMIZATION_LEVEL = "-Onone";
				SWIFT_VERSION = 4.0;
				TARGETED_DEVICE_FAMILY = "1,2,3,4";
				VERSIONING_SYSTEM = "apple-generic";
				VERSION_INFO_PREFIX = "";
			};
			name = Debug;
		};
		E162424A1CE3930F00283B2E /* Release */ = {
			isa = XCBuildConfiguration;
			buildSettings = {
				ALWAYS_SEARCH_USER_PATHS = NO;
				CLANG_ANALYZER_NONNULL = YES;
				CLANG_CXX_LANGUAGE_STANDARD = "gnu++0x";
				CLANG_CXX_LIBRARY = "libc++";
				CLANG_ENABLE_MODULES = YES;
				CLANG_ENABLE_OBJC_ARC = YES;
				CLANG_WARN_BLOCK_CAPTURE_AUTORELEASING = YES;
				CLANG_WARN_BOOL_CONVERSION = YES;
				CLANG_WARN_COMMA = YES;
				CLANG_WARN_CONSTANT_CONVERSION = YES;
				CLANG_WARN_DIRECT_OBJC_ISA_USAGE = YES_ERROR;
				CLANG_WARN_EMPTY_BODY = YES;
				CLANG_WARN_ENUM_CONVERSION = YES;
				CLANG_WARN_INFINITE_RECURSION = YES;
				CLANG_WARN_INT_CONVERSION = YES;
				CLANG_WARN_NON_LITERAL_NULL_CONVERSION = YES;
				CLANG_WARN_OBJC_LITERAL_CONVERSION = YES;
				CLANG_WARN_OBJC_ROOT_CLASS = YES_ERROR;
				CLANG_WARN_RANGE_LOOP_ANALYSIS = YES;
				CLANG_WARN_STRICT_PROTOTYPES = YES;
				CLANG_WARN_SUSPICIOUS_MOVE = YES;
				CLANG_WARN_UNREACHABLE_CODE = YES;
				CLANG_WARN__DUPLICATE_METHOD_MATCH = YES;
				"CODE_SIGN_IDENTITY[sdk=iphoneos*]" = "iPhone Developer";
				COPY_PHASE_STRIP = NO;
				CURRENT_PROJECT_VERSION = 1;
				DEBUG_INFORMATION_FORMAT = "dwarf-with-dsym";
				ENABLE_NS_ASSERTIONS = NO;
				ENABLE_STRICT_OBJC_MSGSEND = YES;
				GCC_C_LANGUAGE_STANDARD = gnu99;
				GCC_NO_COMMON_BLOCKS = YES;
				GCC_WARN_64_TO_32_BIT_CONVERSION = YES;
				GCC_WARN_ABOUT_RETURN_TYPE = YES_ERROR;
				GCC_WARN_UNDECLARED_SELECTOR = YES;
				GCC_WARN_UNINITIALIZED_AUTOS = YES_AGGRESSIVE;
				GCC_WARN_UNUSED_FUNCTION = YES;
				GCC_WARN_UNUSED_VARIABLE = YES;
				IPHONEOS_DEPLOYMENT_TARGET = 11.0;
				MTL_ENABLE_DEBUG_INFO = NO;
				SDKROOT = iphoneos;
				SWIFT_OPTIMIZATION_LEVEL = "-Owholemodule";
				SWIFT_VERSION = 4.0;
				TARGETED_DEVICE_FAMILY = "1,2,3,4";
				VALIDATE_PRODUCT = YES;
				VERSIONING_SYSTEM = "apple-generic";
				VERSION_INFO_PREFIX = "";
			};
			name = Release;
		};
		E162424C1CE3930F00283B2E /* Debug */ = {
			isa = XCBuildConfiguration;
			baseConfigurationReference = 9730B4BB5CFE81B9C72334DD /* Pods-XCServerCoreData.debug.xcconfig */;
			buildSettings = {
				CLANG_ENABLE_MODULES = YES;
				"CODE_SIGN_IDENTITY[sdk=iphoneos*]" = "";
				DEFINES_MODULE = YES;
				DYLIB_COMPATIBILITY_VERSION = 1;
				DYLIB_CURRENT_VERSION = 1;
				DYLIB_INSTALL_NAME_BASE = "@rpath";
				INFOPLIST_FILE = XCServerCoreData/Info.plist;
				INSTALL_PATH = "$(LOCAL_LIBRARY_DIR)/Frameworks";
				LD_RUNPATH_SEARCH_PATHS = "$(inherited) @executable_path/Frameworks @loader_path/Frameworks";
				PRODUCT_BUNDLE_IDENTIFIER = com.richardpiazza.XCServerCoreData;
				PRODUCT_NAME = "$(TARGET_NAME)";
				SKIP_INSTALL = YES;
				SWIFT_OPTIMIZATION_LEVEL = "-Onone";
				SWIFT_VERSION = 4.0;
			};
			name = Debug;
		};
		E162424D1CE3930F00283B2E /* Release */ = {
			isa = XCBuildConfiguration;
			baseConfigurationReference = B1F8F1B2AA7D40A2552E1604 /* Pods-XCServerCoreData.release.xcconfig */;
			buildSettings = {
				CLANG_ENABLE_MODULES = YES;
				"CODE_SIGN_IDENTITY[sdk=iphoneos*]" = "";
				DEFINES_MODULE = YES;
				DYLIB_COMPATIBILITY_VERSION = 1;
				DYLIB_CURRENT_VERSION = 1;
				DYLIB_INSTALL_NAME_BASE = "@rpath";
				INFOPLIST_FILE = XCServerCoreData/Info.plist;
				INSTALL_PATH = "$(LOCAL_LIBRARY_DIR)/Frameworks";
				LD_RUNPATH_SEARCH_PATHS = "$(inherited) @executable_path/Frameworks @loader_path/Frameworks";
				PRODUCT_BUNDLE_IDENTIFIER = com.richardpiazza.XCServerCoreData;
				PRODUCT_NAME = "$(TARGET_NAME)";
				SKIP_INSTALL = YES;
				SWIFT_VERSION = 4.0;
			};
			name = Release;
		};
		E162424F1CE3930F00283B2E /* Debug */ = {
			isa = XCBuildConfiguration;
			baseConfigurationReference = 6BDF2BB4F6C3425C772ED3F2 /* Pods-XCServerCoreDataTests.debug.xcconfig */;
			buildSettings = {
				ALWAYS_EMBED_SWIFT_STANDARD_LIBRARIES = YES;
				CLANG_ENABLE_MODULES = YES;
				INFOPLIST_FILE = XCServerCoreDataTests/Info.plist;
				LD_RUNPATH_SEARCH_PATHS = "$(inherited) @executable_path/Frameworks @loader_path/Frameworks";
				PRODUCT_BUNDLE_IDENTIFIER = com.richardpiazza.XCServerCoreDataTests;
				PRODUCT_NAME = "$(TARGET_NAME)";
				SWIFT_OPTIMIZATION_LEVEL = "-Onone";
				SWIFT_VERSION = 4.0;
			};
			name = Debug;
		};
		E16242501CE3930F00283B2E /* Release */ = {
			isa = XCBuildConfiguration;
			baseConfigurationReference = 241E97D293A69C76BE38BE80 /* Pods-XCServerCoreDataTests.release.xcconfig */;
			buildSettings = {
				ALWAYS_EMBED_SWIFT_STANDARD_LIBRARIES = YES;
				CLANG_ENABLE_MODULES = YES;
				INFOPLIST_FILE = XCServerCoreDataTests/Info.plist;
				LD_RUNPATH_SEARCH_PATHS = "$(inherited) @executable_path/Frameworks @loader_path/Frameworks";
				PRODUCT_BUNDLE_IDENTIFIER = com.richardpiazza.XCServerCoreDataTests;
				PRODUCT_NAME = "$(TARGET_NAME)";
				SWIFT_VERSION = 4.0;
			};
			name = Release;
		};
/* End XCBuildConfiguration section */

/* Begin XCConfigurationList section */
		E16242311CE3930F00283B2E /* Build configuration list for PBXProject "XCServerCoreData" */ = {
			isa = XCConfigurationList;
			buildConfigurations = (
				E16242491CE3930F00283B2E /* Debug */,
				E162424A1CE3930F00283B2E /* Release */,
			);
			defaultConfigurationIsVisible = 0;
			defaultConfigurationName = Release;
		};
		E162424B1CE3930F00283B2E /* Build configuration list for PBXNativeTarget "XCServerCoreData" */ = {
			isa = XCConfigurationList;
			buildConfigurations = (
				E162424C1CE3930F00283B2E /* Debug */,
				E162424D1CE3930F00283B2E /* Release */,
			);
			defaultConfigurationIsVisible = 0;
			defaultConfigurationName = Release;
		};
		E162424E1CE3930F00283B2E /* Build configuration list for PBXNativeTarget "XCServerCoreDataTests" */ = {
			isa = XCConfigurationList;
			buildConfigurations = (
				E162424F1CE3930F00283B2E /* Debug */,
				E16242501CE3930F00283B2E /* Release */,
			);
			defaultConfigurationIsVisible = 0;
			defaultConfigurationName = Release;
		};
/* End XCConfigurationList section */

/* Begin XCVersionGroup section */
		E1BA0BE81F77D476000FA5C3 /* XCServerCoreData.xcdatamodeld */ = {
			isa = XCVersionGroup;
			children = (
				E1BA0BE91F77D476000FA5C3 /* XCServerCoreData.xcdatamodel */,
				E1BA0BEA1F77D476000FA5C3 /* XCServerCoreData1.1.0.xcdatamodel */,
				E1BA0BEB1F77D476000FA5C3 /* XCServerCoreData1.2.0.xcdatamodel */,
				E1BA0BEC1F77D476000FA5C3 /* XCServerCoreData2.0.0.xcdatamodel */,
			);
			currentVersion = E1BA0BEC1F77D476000FA5C3 /* XCServerCoreData2.0.0.xcdatamodel */;
			path = XCServerCoreData.xcdatamodeld;
			sourceTree = "<group>";
			versionGroupType = wrapper.xcdatamodel;
		};
/* End XCVersionGroup section */
	};
	rootObject = E162422E1CE3930F00283B2E /* Project object */;
}
